
Microsoft Visual Studio Solution File, Format Version 12.00
# Visual Studio Version 17
VisualStudioVersion = 17.3.32901.215
MinimumVisualStudioVersion = 10.0.40219.1
Project("{FAE04EC0-301F-11D3-BF4B-00C04F79EFBC}") = "iteration", "iteration.csproj", "{3AD9A9AB-2A8C-48C1-AC13-6A10BE267F47}"
EndProject
Global
	GlobalSection(SolutionConfigurationPlatforms) = preSolution
		Debug|Any CPU = Debug|Any CPU
		Release|Any CPU = Release|Any CPU
	EndGlobalSection
	GlobalSection(ProjectConfigurationPlatforms) = postSolution
		{3AD9A9AB-2A8C-48C1-AC13-6A10BE267F47}.Debug|Any CPU.ActiveCfg = Debug|Any CPU
		{3AD9A9AB-2A8C-48C1-AC13-6A10BE267F47}.Debug|Any CPU.Build.0 = Debug|Any CPU
		{3AD9A9AB-2A8C-48C1-AC13-6A10BE267F47}.Release|Any CPU.ActiveCfg = Release|Any CPU
		{3AD9A9AB-2A8C-48C1-AC13-6A10BE267F47}.Release|Any CPU.Build.0 = Release|Any CPU
	EndGlobalSection
	GlobalSection(SolutionProperties) = preSolution
		HideSolutionNode = FALSE
	EndGlobalSection
	GlobalSection(ExtensibilityGlobals) = postSolution
		SolutionGuid = {95D4E41B-E35A-4333-A7CE-80E48F12CD92}
	EndGlobalSection
EndGlobal
